// !$*UTF8*$!
{
	archiveVersion = 1;
	classes = {
	};
	objectVersion = 50;
	objects = {

/* Begin PBXBuildFile section */
		7ADFC34320E6A0CE00ACC1E5 /* AppDelegate.swift in Sources */ = {isa = PBXBuildFile; fileRef = 7ADFC34220E6A0CE00ACC1E5 /* AppDelegate.swift */; };
		7ADFC34520E6A0CE00ACC1E5 /* ViewController.swift in Sources */ = {isa = PBXBuildFile; fileRef = 7ADFC34420E6A0CE00ACC1E5 /* ViewController.swift */; };
		7ADFC34820E6A0CE00ACC1E5 /* Main.storyboard in Resources */ = {isa = PBXBuildFile; fileRef = 7ADFC34620E6A0CE00ACC1E5 /* Main.storyboard */; };
		7ADFC34B20E6A0CE00ACC1E5 /* HeartRateMonitor.xcdatamodeld in Sources */ = {isa = PBXBuildFile; fileRef = 7ADFC34920E6A0CE00ACC1E5 /* HeartRateMonitor.xcdatamodeld */; };
		7ADFC34D20E6A0D000ACC1E5 /* Assets.xcassets in Resources */ = {isa = PBXBuildFile; fileRef = 7ADFC34C20E6A0D000ACC1E5 /* Assets.xcassets */; };
		7ADFC35020E6A0D000ACC1E5 /* LaunchScreen.storyboard in Resources */ = {isa = PBXBuildFile; fileRef = 7ADFC34E20E6A0D000ACC1E5 /* LaunchScreen.storyboard */; };
		7ADFC35B20E6A0D000ACC1E5 /* HeartRateMonitorTests.swift in Sources */ = {isa = PBXBuildFile; fileRef = 7ADFC35A20E6A0D000ACC1E5 /* HeartRateMonitorTests.swift */; };
		7ADFC36620E6A0D000ACC1E5 /* HeartRateMonitorUITests.swift in Sources */ = {isa = PBXBuildFile; fileRef = 7ADFC36520E6A0D000ACC1E5 /* HeartRateMonitorUITests.swift */; };
		7ADFC37420E6A0FF00ACC1E5 /* BluetoothDelegate.swift in Sources */ = {isa = PBXBuildFile; fileRef = 7ADFC37320E6A0FF00ACC1E5 /* BluetoothDelegate.swift */; };
		7ADFC37620E6B92C00ACC1E5 /* Notifications.swift in Sources */ = {isa = PBXBuildFile; fileRef = 7ADFC37520E6B92C00ACC1E5 /* Notifications.swift */; };
		7ADFC37820E6BC1000ACC1E5 /* PeripheralCell.swift in Sources */ = {isa = PBXBuildFile; fileRef = 7ADFC37720E6BC1000ACC1E5 /* PeripheralCell.swift */; };
		7ADFC37A20E6C4F600ACC1E5 /* PeripheralViewController.swift in Sources */ = {isa = PBXBuildFile; fileRef = 7ADFC37920E6C4F600ACC1E5 /* PeripheralViewController.swift */; };
		7ADFC37C20E6C7A600ACC1E5 /* PeripheralDelegate.swift in Sources */ = {isa = PBXBuildFile; fileRef = 7ADFC37B20E6C7A600ACC1E5 /* PeripheralDelegate.swift */; };
		7ADFC38020E6D56F00ACC1E5 /* BluetoothUUID.swift in Sources */ = {isa = PBXBuildFile; fileRef = 7ADFC37F20E6D56F00ACC1E5 /* BluetoothUUID.swift */; };
		7ADFC38320E724CB00ACC1E5 /* ContactStatus.swift in Sources */ = {isa = PBXBuildFile; fileRef = 7ADFC38220E724CB00ACC1E5 /* ContactStatus.swift */; };
		7ADFC38520E7266100ACC1E5 /* BodyLocation.swift in Sources */ = {isa = PBXBuildFile; fileRef = 7ADFC38420E7266100ACC1E5 /* BodyLocation.swift */; };
		7ADFC38920E728D000ACC1E5 /* User.swift in Sources */ = {isa = PBXBuildFile; fileRef = 7ADFC38820E728D000ACC1E5 /* User.swift */; };
		7ADFC38B20E72D4E00ACC1E5 /* DataManager.swift in Sources */ = {isa = PBXBuildFile; fileRef = 7ADFC38A20E72D4E00ACC1E5 /* DataManager.swift */; };
/* End PBXBuildFile section */

/* Begin PBXContainerItemProxy section */
		7ADFC35720E6A0D000ACC1E5 /* PBXContainerItemProxy */ = {
			isa = PBXContainerItemProxy;
			containerPortal = 7ADFC33720E6A0CE00ACC1E5 /* Project object */;
			proxyType = 1;
			remoteGlobalIDString = 7ADFC33E20E6A0CE00ACC1E5;
			remoteInfo = HeartRateMonitor;
		};
		7ADFC36220E6A0D000ACC1E5 /* PBXContainerItemProxy */ = {
			isa = PBXContainerItemProxy;
			containerPortal = 7ADFC33720E6A0CE00ACC1E5 /* Project object */;
			proxyType = 1;
			remoteGlobalIDString = 7ADFC33E20E6A0CE00ACC1E5;
			remoteInfo = HeartRateMonitor;
		};
/* End PBXContainerItemProxy section */

/* Begin PBXFileReference section */
		7ADFC33F20E6A0CE00ACC1E5 /* HeartRateMonitor.app */ = {isa = PBXFileReference; explicitFileType = wrapper.application; includeInIndex = 0; path = HeartRateMonitor.app; sourceTree = BUILT_PRODUCTS_DIR; };
		7ADFC34220E6A0CE00ACC1E5 /* AppDelegate.swift */ = {isa = PBXFileReference; lastKnownFileType = sourcecode.swift; path = AppDelegate.swift; sourceTree = "<group>"; };
		7ADFC34420E6A0CE00ACC1E5 /* ViewController.swift */ = {isa = PBXFileReference; lastKnownFileType = sourcecode.swift; path = ViewController.swift; sourceTree = "<group>"; };
		7ADFC34720E6A0CE00ACC1E5 /* Base */ = {isa = PBXFileReference; lastKnownFileType = file.storyboard; name = Base; path = Base.lproj/Main.storyboard; sourceTree = "<group>"; };
		7ADFC34A20E6A0CE00ACC1E5 /* HeartRateMonitor.xcdatamodel */ = {isa = PBXFileReference; lastKnownFileType = wrapper.xcdatamodel; path = HeartRateMonitor.xcdatamodel; sourceTree = "<group>"; };
		7ADFC34C20E6A0D000ACC1E5 /* Assets.xcassets */ = {isa = PBXFileReference; lastKnownFileType = folder.assetcatalog; path = Assets.xcassets; sourceTree = "<group>"; };
		7ADFC34F20E6A0D000ACC1E5 /* Base */ = {isa = PBXFileReference; lastKnownFileType = file.storyboard; name = Base; path = Base.lproj/LaunchScreen.storyboard; sourceTree = "<group>"; };
		7ADFC35120E6A0D000ACC1E5 /* Info.plist */ = {isa = PBXFileReference; lastKnownFileType = text.plist.xml; path = Info.plist; sourceTree = "<group>"; };
		7ADFC35620E6A0D000ACC1E5 /* HeartRateMonitorTests.xctest */ = {isa = PBXFileReference; explicitFileType = wrapper.cfbundle; includeInIndex = 0; path = HeartRateMonitorTests.xctest; sourceTree = BUILT_PRODUCTS_DIR; };
		7ADFC35A20E6A0D000ACC1E5 /* HeartRateMonitorTests.swift */ = {isa = PBXFileReference; lastKnownFileType = sourcecode.swift; path = HeartRateMonitorTests.swift; sourceTree = "<group>"; };
		7ADFC35C20E6A0D000ACC1E5 /* Info.plist */ = {isa = PBXFileReference; lastKnownFileType = text.plist.xml; path = Info.plist; sourceTree = "<group>"; };
		7ADFC36120E6A0D000ACC1E5 /* HeartRateMonitorUITests.xctest */ = {isa = PBXFileReference; explicitFileType = wrapper.cfbundle; includeInIndex = 0; path = HeartRateMonitorUITests.xctest; sourceTree = BUILT_PRODUCTS_DIR; };
		7ADFC36520E6A0D000ACC1E5 /* HeartRateMonitorUITests.swift */ = {isa = PBXFileReference; lastKnownFileType = sourcecode.swift; path = HeartRateMonitorUITests.swift; sourceTree = "<group>"; };
		7ADFC36720E6A0D000ACC1E5 /* Info.plist */ = {isa = PBXFileReference; lastKnownFileType = text.plist.xml; path = Info.plist; sourceTree = "<group>"; };
		7ADFC37320E6A0FF00ACC1E5 /* BluetoothDelegate.swift */ = {isa = PBXFileReference; lastKnownFileType = sourcecode.swift; path = BluetoothDelegate.swift; sourceTree = "<group>"; };
		7ADFC37520E6B92C00ACC1E5 /* Notifications.swift */ = {isa = PBXFileReference; lastKnownFileType = sourcecode.swift; path = Notifications.swift; sourceTree = "<group>"; };
		7ADFC37720E6BC1000ACC1E5 /* PeripheralCell.swift */ = {isa = PBXFileReference; lastKnownFileType = sourcecode.swift; path = PeripheralCell.swift; sourceTree = "<group>"; };
		7ADFC37920E6C4F600ACC1E5 /* PeripheralViewController.swift */ = {isa = PBXFileReference; lastKnownFileType = sourcecode.swift; path = PeripheralViewController.swift; sourceTree = "<group>"; };
		7ADFC37B20E6C7A600ACC1E5 /* PeripheralDelegate.swift */ = {isa = PBXFileReference; lastKnownFileType = sourcecode.swift; path = PeripheralDelegate.swift; sourceTree = "<group>"; };
		7ADFC37F20E6D56F00ACC1E5 /* BluetoothUUID.swift */ = {isa = PBXFileReference; lastKnownFileType = sourcecode.swift; path = BluetoothUUID.swift; sourceTree = "<group>"; };
		7ADFC38220E724CB00ACC1E5 /* ContactStatus.swift */ = {isa = PBXFileReference; lastKnownFileType = sourcecode.swift; path = ContactStatus.swift; sourceTree = "<group>"; };
		7ADFC38420E7266100ACC1E5 /* BodyLocation.swift */ = {isa = PBXFileReference; lastKnownFileType = sourcecode.swift; path = BodyLocation.swift; sourceTree = "<group>"; };
		7ADFC38820E728D000ACC1E5 /* User.swift */ = {isa = PBXFileReference; lastKnownFileType = sourcecode.swift; path = User.swift; sourceTree = "<group>"; };
		7ADFC38A20E72D4E00ACC1E5 /* DataManager.swift */ = {isa = PBXFileReference; lastKnownFileType = sourcecode.swift; path = DataManager.swift; sourceTree = "<group>"; };
/* End PBXFileReference section */

/* Begin PBXFrameworksBuildPhase section */
		7ADFC33C20E6A0CE00ACC1E5 /* Frameworks */ = {
			isa = PBXFrameworksBuildPhase;
			buildActionMask = 2147483647;
			files = (
			);
			runOnlyForDeploymentPostprocessing = 0;
		};
		7ADFC35320E6A0D000ACC1E5 /* Frameworks */ = {
			isa = PBXFrameworksBuildPhase;
			buildActionMask = 2147483647;
			files = (
			);
			runOnlyForDeploymentPostprocessing = 0;
		};
		7ADFC35E20E6A0D000ACC1E5 /* Frameworks */ = {
			isa = PBXFrameworksBuildPhase;
			buildActionMask = 2147483647;
			files = (
			);
			runOnlyForDeploymentPostprocessing = 0;
		};
/* End PBXFrameworksBuildPhase section */

/* Begin PBXGroup section */
		7ADFC33620E6A0CE00ACC1E5 = {
			isa = PBXGroup;
			children = (
				7ADFC34120E6A0CE00ACC1E5 /* HeartRateMonitor */,
				7ADFC35920E6A0D000ACC1E5 /* HeartRateMonitorTests */,
				7ADFC36420E6A0D000ACC1E5 /* HeartRateMonitorUITests */,
				7ADFC34020E6A0CE00ACC1E5 /* Products */,
			);
			sourceTree = "<group>";
		};
		7ADFC34020E6A0CE00ACC1E5 /* Products */ = {
			isa = PBXGroup;
			children = (
				7ADFC33F20E6A0CE00ACC1E5 /* HeartRateMonitor.app */,
				7ADFC35620E6A0D000ACC1E5 /* HeartRateMonitorTests.xctest */,
				7ADFC36120E6A0D000ACC1E5 /* HeartRateMonitorUITests.xctest */,
			);
			name = Products;
			sourceTree = "<group>";
		};
		7ADFC34120E6A0CE00ACC1E5 /* HeartRateMonitor */ = {
			isa = PBXGroup;
			children = (
				7ADFC34620E6A0CE00ACC1E5 /* Main.storyboard */,
				7ADFC34220E6A0CE00ACC1E5 /* AppDelegate.swift */,
				7ADFC34420E6A0CE00ACC1E5 /* ViewController.swift */,
				7ADFC37920E6C4F600ACC1E5 /* PeripheralViewController.swift */,
				7ADFC37720E6BC1000ACC1E5 /* PeripheralCell.swift */,
				7ADFC37E20E6C7BE00ACC1E5 /* Structs */,
				7ADFC37D20E6C7B100ACC1E5 /* Delegates */,
				7ADFC38120E724A700ACC1E5 /* Enums */,
				7ADFC38720E7288000ACC1E5 /* Local Storage */,
				7ADFC34C20E6A0D000ACC1E5 /* Assets.xcassets */,
				7ADFC34E20E6A0D000ACC1E5 /* LaunchScreen.storyboard */,
				7ADFC35120E6A0D000ACC1E5 /* Info.plist */,
				7ADFC34920E6A0CE00ACC1E5 /* HeartRateMonitor.xcdatamodeld */,
			);
			path = HeartRateMonitor;
			sourceTree = "<group>";
		};
		7ADFC35920E6A0D000ACC1E5 /* HeartRateMonitorTests */ = {
			isa = PBXGroup;
			children = (
				7ADFC35A20E6A0D000ACC1E5 /* HeartRateMonitorTests.swift */,
				7ADFC35C20E6A0D000ACC1E5 /* Info.plist */,
			);
			path = HeartRateMonitorTests;
			sourceTree = "<group>";
		};
		7ADFC36420E6A0D000ACC1E5 /* HeartRateMonitorUITests */ = {
			isa = PBXGroup;
			children = (
				7ADFC36520E6A0D000ACC1E5 /* HeartRateMonitorUITests.swift */,
				7ADFC36720E6A0D000ACC1E5 /* Info.plist */,
			);
			path = HeartRateMonitorUITests;
			sourceTree = "<group>";
		};
		7ADFC37D20E6C7B100ACC1E5 /* Delegates */ = {
			isa = PBXGroup;
			children = (
				7ADFC37320E6A0FF00ACC1E5 /* BluetoothDelegate.swift */,
				7ADFC37B20E6C7A600ACC1E5 /* PeripheralDelegate.swift */,
			);
			path = Delegates;
			sourceTree = "<group>";
		};
		7ADFC37E20E6C7BE00ACC1E5 /* Structs */ = {
			isa = PBXGroup;
			children = (
				7ADFC37520E6B92C00ACC1E5 /* Notifications.swift */,
				7ADFC37F20E6D56F00ACC1E5 /* BluetoothUUID.swift */,
			);
			path = Structs;
			sourceTree = "<group>";
		};
		7ADFC38120E724A700ACC1E5 /* Enums */ = {
			isa = PBXGroup;
			children = (
				7ADFC38220E724CB00ACC1E5 /* ContactStatus.swift */,
				7ADFC38420E7266100ACC1E5 /* BodyLocation.swift */,
			);
			path = Enums;
			sourceTree = "<group>";
		};
		7ADFC38720E7288000ACC1E5 /* Local Storage */ = {
			isa = PBXGroup;
			children = (
				7ADFC38820E728D000ACC1E5 /* User.swift */,
				7ADFC38A20E72D4E00ACC1E5 /* DataManager.swift */,
			);
			path = "Local Storage";
			sourceTree = "<group>";
		};
/* End PBXGroup section */

/* Begin PBXNativeTarget section */
		7ADFC33E20E6A0CE00ACC1E5 /* HeartRateMonitor */ = {
			isa = PBXNativeTarget;
			buildConfigurationList = 7ADFC36A20E6A0D000ACC1E5 /* Build configuration list for PBXNativeTarget "HeartRateMonitor" */;
			buildPhases = (
				7ADFC33B20E6A0CE00ACC1E5 /* Sources */,
				7ADFC33C20E6A0CE00ACC1E5 /* Frameworks */,
				7ADFC33D20E6A0CE00ACC1E5 /* Resources */,
			);
			buildRules = (
			);
			dependencies = (
			);
			name = HeartRateMonitor;
			productName = HeartRateMonitor;
			productReference = 7ADFC33F20E6A0CE00ACC1E5 /* HeartRateMonitor.app */;
			productType = "com.apple.product-type.application";
		};
		7ADFC35520E6A0D000ACC1E5 /* HeartRateMonitorTests */ = {
			isa = PBXNativeTarget;
			buildConfigurationList = 7ADFC36D20E6A0D000ACC1E5 /* Build configuration list for PBXNativeTarget "HeartRateMonitorTests" */;
			buildPhases = (
				7ADFC35220E6A0D000ACC1E5 /* Sources */,
				7ADFC35320E6A0D000ACC1E5 /* Frameworks */,
				7ADFC35420E6A0D000ACC1E5 /* Resources */,
			);
			buildRules = (
			);
			dependencies = (
				7ADFC35820E6A0D000ACC1E5 /* PBXTargetDependency */,
			);
			name = HeartRateMonitorTests;
			productName = HeartRateMonitorTests;
			productReference = 7ADFC35620E6A0D000ACC1E5 /* HeartRateMonitorTests.xctest */;
			productType = "com.apple.product-type.bundle.unit-test";
		};
		7ADFC36020E6A0D000ACC1E5 /* HeartRateMonitorUITests */ = {
			isa = PBXNativeTarget;
			buildConfigurationList = 7ADFC37020E6A0D000ACC1E5 /* Build configuration list for PBXNativeTarget "HeartRateMonitorUITests" */;
			buildPhases = (
				7ADFC35D20E6A0D000ACC1E5 /* Sources */,
				7ADFC35E20E6A0D000ACC1E5 /* Frameworks */,
				7ADFC35F20E6A0D000ACC1E5 /* Resources */,
			);
			buildRules = (
			);
			dependencies = (
				7ADFC36320E6A0D000ACC1E5 /* PBXTargetDependency */,
			);
			name = HeartRateMonitorUITests;
			productName = HeartRateMonitorUITests;
			productReference = 7ADFC36120E6A0D000ACC1E5 /* HeartRateMonitorUITests.xctest */;
			productType = "com.apple.product-type.bundle.ui-testing";
		};
/* End PBXNativeTarget section */

/* Begin PBXProject section */
		7ADFC33720E6A0CE00ACC1E5 /* Project object */ = {
			isa = PBXProject;
			attributes = {
				LastSwiftUpdateCheck = 1000;
				LastUpgradeCheck = 1000;
				ORGANIZATIONNAME = "Nick Cracchiolo";
				TargetAttributes = {
					7ADFC33E20E6A0CE00ACC1E5 = {
						CreatedOnToolsVersion = 10.0;
					};
					7ADFC35520E6A0D000ACC1E5 = {
						CreatedOnToolsVersion = 10.0;
						TestTargetID = 7ADFC33E20E6A0CE00ACC1E5;
					};
					7ADFC36020E6A0D000ACC1E5 = {
						CreatedOnToolsVersion = 10.0;
						TestTargetID = 7ADFC33E20E6A0CE00ACC1E5;
					};
				};
			};
			buildConfigurationList = 7ADFC33A20E6A0CE00ACC1E5 /* Build configuration list for PBXProject "HeartRateMonitor" */;
			compatibilityVersion = "Xcode 9.3";
			developmentRegion = en;
			hasScannedForEncodings = 0;
			knownRegions = (
				en,
				Base,
			);
			mainGroup = 7ADFC33620E6A0CE00ACC1E5;
			productRefGroup = 7ADFC34020E6A0CE00ACC1E5 /* Products */;
			projectDirPath = "";
			projectRoot = "";
			targets = (
				7ADFC33E20E6A0CE00ACC1E5 /* HeartRateMonitor */,
				7ADFC35520E6A0D000ACC1E5 /* HeartRateMonitorTests */,
				7ADFC36020E6A0D000ACC1E5 /* HeartRateMonitorUITests */,
			);
		};
/* End PBXProject section */

/* Begin PBXResourcesBuildPhase section */
		7ADFC33D20E6A0CE00ACC1E5 /* Resources */ = {
			isa = PBXResourcesBuildPhase;
			buildActionMask = 2147483647;
			files = (
				7ADFC35020E6A0D000ACC1E5 /* LaunchScreen.storyboard in Resources */,
				7ADFC34D20E6A0D000ACC1E5 /* Assets.xcassets in Resources */,
				7ADFC34820E6A0CE00ACC1E5 /* Main.storyboard in Resources */,
			);
			runOnlyForDeploymentPostprocessing = 0;
		};
		7ADFC35420E6A0D000ACC1E5 /* Resources */ = {
			isa = PBXResourcesBuildPhase;
			buildActionMask = 2147483647;
			files = (
			);
			runOnlyForDeploymentPostprocessing = 0;
		};
		7ADFC35F20E6A0D000ACC1E5 /* Resources */ = {
			isa = PBXResourcesBuildPhase;
			buildActionMask = 2147483647;
			files = (
			);
			runOnlyForDeploymentPostprocessing = 0;
		};
/* End PBXResourcesBuildPhase section */

/* Begin PBXSourcesBuildPhase section */
		7ADFC33B20E6A0CE00ACC1E5 /* Sources */ = {
			isa = PBXSourcesBuildPhase;
			buildActionMask = 2147483647;
			files = (
				7ADFC38320E724CB00ACC1E5 /* ContactStatus.swift in Sources */,
				7ADFC37620E6B92C00ACC1E5 /* Notifications.swift in Sources */,
				7ADFC37820E6BC1000ACC1E5 /* PeripheralCell.swift in Sources */,
				7ADFC37C20E6C7A600ACC1E5 /* PeripheralDelegate.swift in Sources */,
				7ADFC34B20E6A0CE00ACC1E5 /* HeartRateMonitor.xcdatamodeld in Sources */,
				7ADFC38520E7266100ACC1E5 /* BodyLocation.swift in Sources */,
				7ADFC37A20E6C4F600ACC1E5 /* PeripheralViewController.swift in Sources */,
				7ADFC34520E6A0CE00ACC1E5 /* ViewController.swift in Sources */,
				7ADFC38920E728D000ACC1E5 /* User.swift in Sources */,
				7ADFC34320E6A0CE00ACC1E5 /* AppDelegate.swift in Sources */,
				7ADFC38020E6D56F00ACC1E5 /* BluetoothUUID.swift in Sources */,
				7ADFC38B20E72D4E00ACC1E5 /* DataManager.swift in Sources */,
				7ADFC37420E6A0FF00ACC1E5 /* BluetoothDelegate.swift in Sources */,
			);
			runOnlyForDeploymentPostprocessing = 0;
		};
		7ADFC35220E6A0D000ACC1E5 /* Sources */ = {
			isa = PBXSourcesBuildPhase;
			buildActionMask = 2147483647;
			files = (
				7ADFC35B20E6A0D000ACC1E5 /* HeartRateMonitorTests.swift in Sources */,
			);
			runOnlyForDeploymentPostprocessing = 0;
		};
		7ADFC35D20E6A0D000ACC1E5 /* Sources */ = {
			isa = PBXSourcesBuildPhase;
			buildActionMask = 2147483647;
			files = (
				7ADFC36620E6A0D000ACC1E5 /* HeartRateMonitorUITests.swift in Sources */,
			);
			runOnlyForDeploymentPostprocessing = 0;
		};
/* End PBXSourcesBuildPhase section */

/* Begin PBXTargetDependency section */
		7ADFC35820E6A0D000ACC1E5 /* PBXTargetDependency */ = {
			isa = PBXTargetDependency;
			target = 7ADFC33E20E6A0CE00ACC1E5 /* HeartRateMonitor */;
			targetProxy = 7ADFC35720E6A0D000ACC1E5 /* PBXContainerItemProxy */;
		};
		7ADFC36320E6A0D000ACC1E5 /* PBXTargetDependency */ = {
			isa = PBXTargetDependency;
			target = 7ADFC33E20E6A0CE00ACC1E5 /* HeartRateMonitor */;
			targetProxy = 7ADFC36220E6A0D000ACC1E5 /* PBXContainerItemProxy */;
		};
/* End PBXTargetDependency section */

/* Begin PBXVariantGroup section */
		7ADFC34620E6A0CE00ACC1E5 /* Main.storyboard */ = {
			isa = PBXVariantGroup;
			children = (
				7ADFC34720E6A0CE00ACC1E5 /* Base */,
			);
			name = Main.storyboard;
			sourceTree = "<group>";
		};
		7ADFC34E20E6A0D000ACC1E5 /* LaunchScreen.storyboard */ = {
			isa = PBXVariantGroup;
			children = (
				7ADFC34F20E6A0D000ACC1E5 /* Base */,
			);
			name = LaunchScreen.storyboard;
			sourceTree = "<group>";
		};
/* End PBXVariantGroup section */

/* Begin XCBuildConfiguration section */
		7ADFC36820E6A0D000ACC1E5 /* Debug */ = {
			isa = XCBuildConfiguration;
			buildSettings = {
				ALWAYS_SEARCH_USER_PATHS = NO;
				CLANG_ANALYZER_NONNULL = YES;
				CLANG_ANALYZER_NUMBER_OBJECT_CONVERSION = YES_AGGRESSIVE;
				CLANG_CXX_LANGUAGE_STANDARD = "gnu++14";
				CLANG_CXX_LIBRARY = "libc++";
				CLANG_ENABLE_MODULES = YES;
				CLANG_ENABLE_OBJC_ARC = YES;
				CLANG_ENABLE_OBJC_WEAK = YES;
				CLANG_WARN_BLOCK_CAPTURE_AUTORELEASING = YES;
				CLANG_WARN_BOOL_CONVERSION = YES;
				CLANG_WARN_COMMA = YES;
				CLANG_WARN_CONSTANT_CONVERSION = YES;
				CLANG_WARN_DEPRECATED_OBJC_IMPLEMENTATIONS = YES;
				CLANG_WARN_DIRECT_OBJC_ISA_USAGE = YES_ERROR;
				CLANG_WARN_DOCUMENTATION_COMMENTS = YES;
				CLANG_WARN_EMPTY_BODY = YES;
				CLANG_WARN_ENUM_CONVERSION = YES;
				CLANG_WARN_INFINITE_RECURSION = YES;
				CLANG_WARN_INT_CONVERSION = YES;
				CLANG_WARN_NON_LITERAL_NULL_CONVERSION = YES;
				CLANG_WARN_OBJC_IMPLICIT_RETAIN_SELF = YES;
				CLANG_WARN_OBJC_LITERAL_CONVERSION = YES;
				CLANG_WARN_OBJC_ROOT_CLASS = YES_ERROR;
				CLANG_WARN_RANGE_LOOP_ANALYSIS = YES;
				CLANG_WARN_STRICT_PROTOTYPES = YES;
				CLANG_WARN_SUSPICIOUS_MOVE = YES;
				CLANG_WARN_UNGUARDED_AVAILABILITY = YES_AGGRESSIVE;
				CLANG_WARN_UNREACHABLE_CODE = YES;
				CLANG_WARN__DUPLICATE_METHOD_MATCH = YES;
				CODE_SIGN_IDENTITY = "iPhone Developer";
				COPY_PHASE_STRIP = NO;
				DEBUG_INFORMATION_FORMAT = dwarf;
				ENABLE_STRICT_OBJC_MSGSEND = YES;
				ENABLE_TESTABILITY = YES;
				GCC_C_LANGUAGE_STANDARD = gnu11;
				GCC_DYNAMIC_NO_PIC = NO;
				GCC_NO_COMMON_BLOCKS = YES;
				GCC_OPTIMIZATION_LEVEL = 0;
				GCC_PREPROCESSOR_DEFINITIONS = (
					"DEBUG=1",
					"$(inherited)",
				);
				GCC_WARN_64_TO_32_BIT_CONVERSION = YES;
				GCC_WARN_ABOUT_RETURN_TYPE = YES_ERROR;
				GCC_WARN_UNDECLARED_SELECTOR = YES;
				GCC_WARN_UNINITIALIZED_AUTOS = YES_AGGRESSIVE;
				GCC_WARN_UNUSED_FUNCTION = YES;
				GCC_WARN_UNUSED_VARIABLE = YES;
				IPHONEOS_DEPLOYMENT_TARGET = 12.0;
				MTL_ENABLE_DEBUG_INFO = INCLUDE_SOURCE;
				ONLY_ACTIVE_ARCH = YES;
				SDKROOT = iphoneos;
				SWIFT_ACTIVE_COMPILATION_CONDITIONS = DEBUG;
				SWIFT_OPTIMIZATION_LEVEL = "-Onone";
			};
			name = Debug;
		};
		7ADFC36920E6A0D000ACC1E5 /* Release */ = {
			isa = XCBuildConfiguration;
			buildSettings = {
				ALWAYS_SEARCH_USER_PATHS = NO;
				CLANG_ANALYZER_NONNULL = YES;
				CLANG_ANALYZER_NUMBER_OBJECT_CONVERSION = YES_AGGRESSIVE;
				CLANG_CXX_LANGUAGE_STANDARD = "gnu++14";
				CLANG_CXX_LIBRARY = "libc++";
				CLANG_ENABLE_MODULES = YES;
				CLANG_ENABLE_OBJC_ARC = YES;
				CLANG_ENABLE_OBJC_WEAK = YES;
				CLANG_WARN_BLOCK_CAPTURE_AUTORELEASING = YES;
				CLANG_WARN_BOOL_CONVERSION = YES;
				CLANG_WARN_COMMA = YES;
				CLANG_WARN_CONSTANT_CONVERSION = YES;
				CLANG_WARN_DEPRECATED_OBJC_IMPLEMENTATIONS = YES;
				CLANG_WARN_DIRECT_OBJC_ISA_USAGE = YES_ERROR;
				CLANG_WARN_DOCUMENTATION_COMMENTS = YES;
				CLANG_WARN_EMPTY_BODY = YES;
				CLANG_WARN_ENUM_CONVERSION = YES;
				CLANG_WARN_INFINITE_RECURSION = YES;
				CLANG_WARN_INT_CONVERSION = YES;
				CLANG_WARN_NON_LITERAL_NULL_CONVERSION = YES;
				CLANG_WARN_OBJC_IMPLICIT_RETAIN_SELF = YES;
				CLANG_WARN_OBJC_LITERAL_CONVERSION = YES;
				CLANG_WARN_OBJC_ROOT_CLASS = YES_ERROR;
				CLANG_WARN_RANGE_LOOP_ANALYSIS = YES;
				CLANG_WARN_STRICT_PROTOTYPES = YES;
				CLANG_WARN_SUSPICIOUS_MOVE = YES;
				CLANG_WARN_UNGUARDED_AVAILABILITY = YES_AGGRESSIVE;
				CLANG_WARN_UNREACHABLE_CODE = YES;
				CLANG_WARN__DUPLICATE_METHOD_MATCH = YES;
				CODE_SIGN_IDENTITY = "iPhone Developer";
				COPY_PHASE_STRIP = NO;
				DEBUG_INFORMATION_FORMAT = "dwarf-with-dsym";
				ENABLE_NS_ASSERTIONS = NO;
				ENABLE_STRICT_OBJC_MSGSEND = YES;
				GCC_C_LANGUAGE_STANDARD = gnu11;
				GCC_NO_COMMON_BLOCKS = YES;
				GCC_WARN_64_TO_32_BIT_CONVERSION = YES;
				GCC_WARN_ABOUT_RETURN_TYPE = YES_ERROR;
				GCC_WARN_UNDECLARED_SELECTOR = YES;
				GCC_WARN_UNINITIALIZED_AUTOS = YES_AGGRESSIVE;
				GCC_WARN_UNUSED_FUNCTION = YES;
				GCC_WARN_UNUSED_VARIABLE = YES;
				IPHONEOS_DEPLOYMENT_TARGET = 12.0;
				MTL_ENABLE_DEBUG_INFO = NO;
				SDKROOT = iphoneos;
				SWIFT_COMPILATION_MODE = wholemodule;
				SWIFT_OPTIMIZATION_LEVEL = "-O";
				VALIDATE_PRODUCT = YES;
			};
			name = Release;
		};
		7ADFC36B20E6A0D000ACC1E5 /* Debug */ = {
			isa = XCBuildConfiguration;
			buildSettings = {
				ASSETCATALOG_COMPILER_APPICON_NAME = AppIcon;
				CODE_SIGN_STYLE = Automatic;
				DEVELOPMENT_TEAM = 77TV63F6JF;
				INFOPLIST_FILE = HeartRateMonitor/Info.plist;
				LD_RUNPATH_SEARCH_PATHS = (
					"$(inherited)",
					"@executable_path/Frameworks",
				);
				PRODUCT_BUNDLE_IDENTIFIER = com.njc.app.HeartRateMonitor;
				PRODUCT_NAME = "$(TARGET_NAME)";
				SWIFT_VERSION = 4.2;
				TARGETED_DEVICE_FAMILY = "1,2";
			};
			name = Debug;
		};
		7ADFC36C20E6A0D000ACC1E5 /* Release */ = {
			isa = XCBuildConfiguration;
			buildSettings = {
				ASSETCATALOG_COMPILER_APPICON_NAME = AppIcon;
				CODE_SIGN_STYLE = Automatic;
				DEVELOPMENT_TEAM = 77TV63F6JF;
				INFOPLIST_FILE = HeartRateMonitor/Info.plist;
				LD_RUNPATH_SEARCH_PATHS = (
					"$(inherited)",
					"@executable_path/Frameworks",
				);
				PRODUCT_BUNDLE_IDENTIFIER = com.njc.app.HeartRateMonitor;
				PRODUCT_NAME = "$(TARGET_NAME)";
				SWIFT_VERSION = 4.2;
				TARGETED_DEVICE_FAMILY = "1,2";
			};
			name = Release;
		};
		7ADFC36E20E6A0D000ACC1E5 /* Debug */ = {
			isa = XCBuildConfiguration;
			buildSettings = {
				ALWAYS_EMBED_SWIFT_STANDARD_LIBRARIES = YES;
				BUNDLE_LOADER = "$(TEST_HOST)";
				CODE_SIGN_STYLE = Automatic;
				DEVELOPMENT_TEAM = 77TV63F6JF;
				INFOPLIST_FILE = HeartRateMonitorTests/Info.plist;
				LD_RUNPATH_SEARCH_PATHS = (
					"$(inherited)",
					"@executable_path/Frameworks",
					"@loader_path/Frameworks",
				);
				PRODUCT_BUNDLE_IDENTIFIER = com.njc.app.HeartRateMonitorTests;
				PRODUCT_NAME = "$(TARGET_NAME)";
				SWIFT_VERSION = 4.2;
				TARGETED_DEVICE_FAMILY = "1,2";
				TEST_HOST = "$(BUILT_PRODUCTS_DIR)/HeartRateMonitor.app/HeartRateMonitor";
			};
			name = Debug;
		};
		7ADFC36F20E6A0D000ACC1E5 /* Release */ = {
			isa = XCBuildConfiguration;
			buildSettings = {
				ALWAYS_EMBED_SWIFT_STANDARD_LIBRARIES = YES;
				BUNDLE_LOADER = "$(TEST_HOST)";
				CODE_SIGN_STYLE = Automatic;
				DEVELOPMENT_TEAM = 77TV63F6JF;
				INFOPLIST_FILE = HeartRateMonitorTests/Info.plist;
				LD_RUNPATH_SEARCH_PATHS = (
					"$(inherited)",
					"@executable_path/Frameworks",
					"@loader_path/Frameworks",
				);
				PRODUCT_BUNDLE_IDENTIFIER = com.njc.app.HeartRateMonitorTests;
				PRODUCT_NAME = "$(TARGET_NAME)";
				SWIFT_VERSION = 4.2;
				TARGETED_DEVICE_FAMILY = "1,2";
				TEST_HOST = "$(BUILT_PRODUCTS_DIR)/HeartRateMonitor.app/HeartRateMonitor";
			};
			name = Release;
		};
		7ADFC37120E6A0D000ACC1E5 /* Debug */ = {
			isa = XCBuildConfiguration;
			buildSettings = {
				ALWAYS_EMBED_SWIFT_STANDARD_LIBRARIES = YES;
				CODE_SIGN_STYLE = Automatic;
				DEVELOPMENT_TEAM = 77TV63F6JF;
				INFOPLIST_FILE = HeartRateMonitorUITests/Info.plist;
				LD_RUNPATH_SEARCH_PATHS = (
					"$(inherited)",
					"@executable_path/Frameworks",
					"@loader_path/Frameworks",
				);
				PRODUCT_BUNDLE_IDENTIFIER = com.njc.app.HeartRateMonitorUITests;
				PRODUCT_NAME = "$(TARGET_NAME)";
				SWIFT_VERSION = 4.2;
				TARGETED_DEVICE_FAMILY = "1,2";
				TEST_TARGET_NAME = HeartRateMonitor;
			};
			name = Debug;
		};
		7ADFC37220E6A0D000ACC1E5 /* Release */ = {
			isa = XCBuildConfiguration;
			buildSettings = {
				ALWAYS_EMBED_SWIFT_STANDARD_LIBRARIES = YES;
				CODE_SIGN_STYLE = Automatic;
				DEVELOPMENT_TEAM = 77TV63F6JF;
				INFOPLIST_FILE = HeartRateMonitorUITests/Info.plist;
				LD_RUNPATH_SEARCH_PATHS = (
					"$(inherited)",
					"@executable_path/Frameworks",
					"@loader_path/Frameworks",
				);
				PRODUCT_BUNDLE_IDENTIFIER = com.njc.app.HeartRateMonitorUITests;
				PRODUCT_NAME = "$(TARGET_NAME)";
				SWIFT_VERSION = 4.2;
				TARGETED_DEVICE_FAMILY = "1,2";
				TEST_TARGET_NAME = HeartRateMonitor;
			};
			name = Release;
		};
/* End XCBuildConfiguration section */

/* Begin XCConfigurationList section */
		7ADFC33A20E6A0CE00ACC1E5 /* Build configuration list for PBXProject "HeartRateMonitor" */ = {
			isa = XCConfigurationList;
			buildConfigurations = (
				7ADFC36820E6A0D000ACC1E5 /* Debug */,
				7ADFC36920E6A0D000ACC1E5 /* Release */,
			);
			defaultConfigurationIsVisible = 0;
			defaultConfigurationName = Release;
		};
		7ADFC36A20E6A0D000ACC1E5 /* Build configuration list for PBXNativeTarget "HeartRateMonitor" */ = {
			isa = XCConfigurationList;
			buildConfigurations = (
				7ADFC36B20E6A0D000ACC1E5 /* Debug */,
				7ADFC36C20E6A0D000ACC1E5 /* Release */,
			);
			defaultConfigurationIsVisible = 0;
			defaultConfigurationName = Release;
		};
		7ADFC36D20E6A0D000ACC1E5 /* Build configuration list for PBXNativeTarget "HeartRateMonitorTests" */ = {
			isa = XCConfigurationList;
			buildConfigurations = (
				7ADFC36E20E6A0D000ACC1E5 /* Debug */,
				7ADFC36F20E6A0D000ACC1E5 /* Release */,
			);
			defaultConfigurationIsVisible = 0;
			defaultConfigurationName = Release;
		};
		7ADFC37020E6A0D000ACC1E5 /* Build configuration list for PBXNativeTarget "HeartRateMonitorUITests" */ = {
			isa = XCConfigurationList;
			buildConfigurations = (
				7ADFC37120E6A0D000ACC1E5 /* Debug */,
				7ADFC37220E6A0D000ACC1E5 /* Release */,
			);
			defaultConfigurationIsVisible = 0;
			defaultConfigurationName = Release;
		};
/* End XCConfigurationList section */

/* Begin XCVersionGroup section */
		7ADFC34920E6A0CE00ACC1E5 /* HeartRateMonitor.xcdatamodeld */ = {
			isa = XCVersionGroup;
			children = (
				7ADFC34A20E6A0CE00ACC1E5 /* HeartRateMonitor.xcdatamodel */,
			);
			currentVersion = 7ADFC34A20E6A0CE00ACC1E5 /* HeartRateMonitor.xcdatamodel */;
			path = HeartRateMonitor.xcdatamodeld;
			sourceTree = "<group>";
			versionGroupType = wrapper.xcdatamodel;
		};
/* End XCVersionGroup section */
	};
	rootObject = 7ADFC33720E6A0CE00ACC1E5 /* Project object */;
}
